
Microsoft Visual Studio Solution File, Format Version 12.00
# Visual Studio Version 17
VisualStudioVersion = 17.12.35521.163 d17.12
MinimumVisualStudioVersion = 10.0.40219.1
Project("{8BC9CEB8-8B4A-11D0-8D11-00A0C91BC942}") = "GLaux", "GLaux.vcxproj", "{7C227BD1-32C2-4036-BA6B-29050E1A5636}"
EndProject
Global
	GlobalSection(SolutionConfigurationPlatforms) = preSolution
		Debug Multithreaded DLL|Win32 = Debug Multithreaded DLL|Win32
		Debug Multithreaded DLL|x64 = Debug Multithreaded DLL|x64
		Debug Multithreaded|Win32 = Debug Multithreaded|Win32
		Debug Multithreaded|x64 = Debug Multithreaded|x64
		Debug|Win32 = Debug|Win32
		Debug|x64 = Debug|x64
		Release Multithreaded DLL|Win32 = Release Multithreaded DLL|Win32
		Release Multithreaded DLL|x64 = Release Multithreaded DLL|x64
		Release Multithreaded|Win32 = Release Multithreaded|Win32
		Release Multithreaded|x64 = Release Multithreaded|x64
		Release|Win32 = Release|Win32
		Release|x64 = Release|x64
	EndGlobalSection
	GlobalSection(ProjectConfigurationPlatforms) = postSolution
		{7C227BD1-32C2-4036-BA6B-29050E1A5636}.Debug Multithreaded DLL|Win32.ActiveCfg = Debug Multithreaded DLL|Win32
		{7C227BD1-32C2-4036-BA6B-29050E1A5636}.Debug Multithreaded DLL|Win32.Build.0 = Debug Multithreaded DLL|Win32
		{7C227BD1-32C2-4036-BA6B-29050E1A5636}.Debug Multithreaded DLL|x64.ActiveCfg = Debug Multithreaded DLL|x64
		{7C227BD1-32C2-4036-BA6B-29050E1A5636}.Debug Multithreaded DLL|x64.Build.0 = Debug Multithreaded DLL|x64
		{7C227BD1-32C2-4036-BA6B-29050E1A5636}.Debug Multithreaded|Win32.ActiveCfg = Debug Multithreaded|Win32
		{7C227BD1-32C2-4036-BA6B-29050E1A5636}.Debug Multithreaded|Win32.Build.0 = Debug Multithreaded|Win32
		{7C227BD1-32C2-4036-BA6B-29050E1A5636}.Debug Multithreaded|x64.ActiveCfg = Debug Multithreaded|x64
		{7C227BD1-32C2-4036-BA6B-29050E1A5636}.Debug Multithreaded|x64.Build.0 = Debug Multithreaded|x64
		{7C227BD1-32C2-4036-BA6B-29050E1A5636}.Debug|Win32.ActiveCfg = Debug|Win32
		{7C227BD1-32C2-4036-BA6B-29050E1A5636}.Debug|Win32.Build.0 = Debug|Win32
		{7C227BD1-32C2-4036-BA6B-29050E1A5636}.Debug|x64.ActiveCfg = Debug|x64
		{7C227BD1-32C2-4036-BA6B-29050E1A5636}.Debug|x64.Build.0 = Debug|x64
		{7C227BD1-32C2-4036-BA6B-29050E1A5636}.Release Multithreaded DLL|Win32.ActiveCfg = Release Multithreaded DLL|Win32
		{7C227BD1-32C2-4036-BA6B-29050E1A5636}.Release Multithreaded DLL|Win32.Build.0 = Release Multithreaded DLL|Win32
		{7C227BD1-32C2-4036-BA6B-29050E1A5636}.Release Multithreaded DLL|x64.ActiveCfg = Release Multithreaded DLL|x64
		{7C227BD1-32C2-4036-BA6B-29050E1A5636}.Release Multithreaded DLL|x64.Build.0 = Release Multithreaded DLL|x64
		{7C227BD1-32C2-4036-BA6B-29050E1A5636}.Release Multithreaded|Win32.ActiveCfg = Release Multithreaded|Win32
		{7C227BD1-32C2-4036-BA6B-29050E1A5636}.Release Multithreaded|Win32.Build.0 = Release Multithreaded|Win32
		{7C227BD1-32C2-4036-BA6B-29050E1A5636}.Release Multithreaded|x64.ActiveCfg = Release Multithreaded|x64
		{7C227BD1-32C2-4036-BA6B-29050E1A5636}.Release Multithreaded|x64.Build.0 = Release Multithreaded|x64
		{7C227BD1-32C2-4036-BA6B-29050E1A5636}.Release|Win32.ActiveCfg = Release|Win32
		{7C227BD1-32C2-4036-BA6B-29050E1A5636}.Release|Win32.Build.0 = Release|Win32
		{7C227BD1-32C2-4036-BA6B-29050E1A5636}.Release|x64.ActiveCfg = Release|x64
		{7C227BD1-32C2-4036-BA6B-29050E1A5636}.Release|x64.Build.0 = Release|x64
	EndGlobalSection
	GlobalSection(SolutionProperties) = preSolution
		HideSolutionNode = FALSE
	EndGlobalSection
EndGlobal
